// !$*UTF8*$!
{
	archiveVersion = 1;
	classes = {
	};
	objectVersion = 46;
	objects = {

/* Begin PBXBuildFile section */
		645DAD1A1C35275600349052 /* AppDelegate.m in Sources */ = {isa = PBXBuildFile; fileRef = 645DAD191C35275600349052 /* AppDelegate.m */; };
		645DAD1D1C35275600349052 /* main.m in Sources */ = {isa = PBXBuildFile; fileRef = 645DAD1C1C35275600349052 /* main.m */; };
		645DAD201C35275600349052 /* TestDB.xcdatamodeld in Sources */ = {isa = PBXBuildFile; fileRef = 645DAD1E1C35275600349052 /* TestDB.xcdatamodeld */; };
		645DAD221C35275600349052 /* Assets.xcassets in Resources */ = {isa = PBXBuildFile; fileRef = 645DAD211C35275600349052 /* Assets.xcassets */; };
		645DAD251C35275600349052 /* MainMenu.xib in Resources */ = {isa = PBXBuildFile; fileRef = 645DAD231C35275600349052 /* MainMenu.xib */; };
		645DAD2E1C35288500349052 /* Person.m in Sources */ = {isa = PBXBuildFile; fileRef = 645DAD2D1C35288500349052 /* Person.m */; settings = {ASSET_TAGS = (); }; };
		645DAD311C35289500349052 /* Addresses.m in Sources */ = {isa = PBXBuildFile; fileRef = 645DAD301C35289500349052 /* Addresses.m */; settings = {ASSET_TAGS = (); }; };
		645DAD341C3528A300349052 /* Vehicles.m in Sources */ = {isa = PBXBuildFile; fileRef = 645DAD331C3528A300349052 /* Vehicles.m */; settings = {ASSET_TAGS = (); }; };
		645DAD3C1C352A6400349052 /* libsqlcipher.a in Frameworks */ = {isa = PBXBuildFile; fileRef = 645DAD3B1C352A2700349052 /* libsqlcipher.a */; };
		645DAD3E1C352A6900349052 /* Security.framework in Frameworks */ = {isa = PBXBuildFile; fileRef = 645DAD3D1C352A6900349052 /* Security.framework */; };
		645DAD411C352A7900349052 /* EncryptedStore.m in Sources */ = {isa = PBXBuildFile; fileRef = 645DAD401C352A7900349052 /* EncryptedStore.m */; settings = {ASSET_TAGS = (); }; };
/* End PBXBuildFile section */

/* Begin PBXContainerItemProxy section */
		645DAD3A1C352A2700349052 /* PBXContainerItemProxy */ = {
			isa = PBXContainerItemProxy;
			containerPortal = 645DAD351C352A2700349052 /* sqlcipher.xcodeproj */;
			proxyType = 2;
			remoteGlobalIDString = D2AAC046055464E500DB518D;
			remoteInfo = sqlcipher;
		};
/* End PBXContainerItemProxy section */

/* Begin PBXFileReference section */
		645DAD151C35275600349052 /* TestDB.app */ = {isa = PBXFileReference; explicitFileType = wrapper.application; includeInIndex = 0; path = TestDB.app; sourceTree = BUILT_PRODUCTS_DIR; };
		645DAD181C35275600349052 /* AppDelegate.h */ = {isa = PBXFileReference; lastKnownFileType = sourcecode.c.h; path = AppDelegate.h; sourceTree = "<group>"; };
		645DAD191C35275600349052 /* AppDelegate.m */ = {isa = PBXFileReference; lastKnownFileType = sourcecode.c.objc; path = AppDelegate.m; sourceTree = "<group>"; };
		645DAD1C1C35275600349052 /* main.m */ = {isa = PBXFileReference; lastKnownFileType = sourcecode.c.objc; path = main.m; sourceTree = "<group>"; };
		645DAD1F1C35275600349052 /* TestDB.xcdatamodel */ = {isa = PBXFileReference; lastKnownFileType = wrapper.xcdatamodel; path = TestDB.xcdatamodel; sourceTree = "<group>"; };
		645DAD211C35275600349052 /* Assets.xcassets */ = {isa = PBXFileReference; lastKnownFileType = folder.assetcatalog; path = Assets.xcassets; sourceTree = "<group>"; };
		645DAD241C35275600349052 /* Base */ = {isa = PBXFileReference; lastKnownFileType = file.xib; name = Base; path = Base.lproj/MainMenu.xib; sourceTree = "<group>"; };
		645DAD261C35275600349052 /* Info.plist */ = {isa = PBXFileReference; lastKnownFileType = text.plist.xml; path = Info.plist; sourceTree = "<group>"; };
		645DAD2C1C35288500349052 /* Person.h */ = {isa = PBXFileReference; fileEncoding = 4; lastKnownFileType = sourcecode.c.h; path = Person.h; sourceTree = "<group>"; };
		645DAD2D1C35288500349052 /* Person.m */ = {isa = PBXFileReference; fileEncoding = 4; lastKnownFileType = sourcecode.c.objc; path = Person.m; sourceTree = "<group>"; };
		645DAD2F1C35289500349052 /* Addresses.h */ = {isa = PBXFileReference; fileEncoding = 4; lastKnownFileType = sourcecode.c.h; path = Addresses.h; sourceTree = "<group>"; };
		645DAD301C35289500349052 /* Addresses.m */ = {isa = PBXFileReference; fileEncoding = 4; lastKnownFileType = sourcecode.c.objc; path = Addresses.m; sourceTree = "<group>"; };
		645DAD321C3528A300349052 /* Vehicles.h */ = {isa = PBXFileReference; fileEncoding = 4; lastKnownFileType = sourcecode.c.h; path = Vehicles.h; sourceTree = "<group>"; };
		645DAD331C3528A300349052 /* Vehicles.m */ = {isa = PBXFileReference; fileEncoding = 4; lastKnownFileType = sourcecode.c.objc; path = Vehicles.m; sourceTree = "<group>"; };
		645DAD351C352A2700349052 /* sqlcipher.xcodeproj */ = {isa = PBXFileReference; lastKnownFileType = "wrapper.pb-project"; name = sqlcipher.xcodeproj; path = "encrypted-core-data/vendor/sqlcipher/sqlcipher.xcodeproj"; sourceTree = "<group>"; };
		645DAD3D1C352A6900349052 /* Security.framework */ = {isa = PBXFileReference; lastKnownFileType = wrapper.framework; name = Security.framework; path = System/Library/Frameworks/Security.framework; sourceTree = SDKROOT; };
		645DAD3F1C352A7900349052 /* EncryptedStore.h */ = {isa = PBXFileReference; fileEncoding = 4; lastKnownFileType = sourcecode.c.h; name = EncryptedStore.h; path = "encrypted-core-data/Incremental Store/EncryptedStore.h"; sourceTree = SOURCE_ROOT; };
		645DAD401C352A7900349052 /* EncryptedStore.m */ = {isa = PBXFileReference; fileEncoding = 4; lastKnownFileType = sourcecode.c.objc; name = EncryptedStore.m; path = "encrypted-core-data/Incremental Store/EncryptedStore.m"; sourceTree = SOURCE_ROOT; };
/* End PBXFileReference section */

/* Begin PBXFrameworksBuildPhase section */
		645DAD121C35275600349052 /* Frameworks */ = {
			isa = PBXFrameworksBuildPhase;
			buildActionMask = 2147483647;
			files = (
				645DAD3E1C352A6900349052 /* Security.framework in Frameworks */,
				645DAD3C1C352A6400349052 /* libsqlcipher.a in Frameworks */,
			);
			runOnlyForDeploymentPostprocessing = 0;
		};
/* End PBXFrameworksBuildPhase section */

/* Begin PBXGroup section */
		645DAD0C1C35275600349052 = {
			isa = PBXGroup;
			children = (
				645DAD3D1C352A6900349052 /* Security.framework */,
				645DAD351C352A2700349052 /* sqlcipher.xcodeproj */,
				645DAD171C35275600349052 /* TestDB */,
				645DAD161C35275600349052 /* Products */,
			);
			sourceTree = "<group>";
		};
		645DAD161C35275600349052 /* Products */ = {
			isa = PBXGroup;
			children = (
				645DAD151C35275600349052 /* TestDB.app */,
			);
			name = Products;
			sourceTree = "<group>";
		};
		645DAD171C35275600349052 /* TestDB */ = {
			isa = PBXGroup;
			children = (
				645DAD3F1C352A7900349052 /* EncryptedStore.h */,
				645DAD401C352A7900349052 /* EncryptedStore.m */,
				645DAD181C35275600349052 /* AppDelegate.h */,
				645DAD191C35275600349052 /* AppDelegate.m */,
				645DAD2C1C35288500349052 /* Person.h */,
				645DAD2D1C35288500349052 /* Person.m */,
				645DAD2F1C35289500349052 /* Addresses.h */,
				645DAD301C35289500349052 /* Addresses.m */,
				645DAD321C3528A300349052 /* Vehicles.h */,
				645DAD331C3528A300349052 /* Vehicles.m */,
				645DAD211C35275600349052 /* Assets.xcassets */,
				645DAD231C35275600349052 /* MainMenu.xib */,
				645DAD261C35275600349052 /* Info.plist */,
				645DAD1E1C35275600349052 /* TestDB.xcdatamodeld */,
				645DAD1B1C35275600349052 /* Supporting Files */,
			);
			path = TestDB;
			sourceTree = "<group>";
		};
		645DAD1B1C35275600349052 /* Supporting Files */ = {
			isa = PBXGroup;
			children = (
				645DAD1C1C35275600349052 /* main.m */,
			);
			name = "Supporting Files";
			sourceTree = "<group>";
		};
		645DAD361C352A2700349052 /* Products */ = {
			isa = PBXGroup;
			children = (
				645DAD3B1C352A2700349052 /* libsqlcipher.a */,
			);
			name = Products;
			sourceTree = "<group>";
		};
/* End PBXGroup section */

/* Begin PBXNativeTarget section */
		645DAD141C35275600349052 /* TestDB */ = {
			isa = PBXNativeTarget;
			buildConfigurationList = 645DAD291C35275600349052 /* Build configuration list for PBXNativeTarget "TestDB" */;
			buildPhases = (
				645DAD111C35275600349052 /* Sources */,
				645DAD121C35275600349052 /* Frameworks */,
				645DAD131C35275600349052 /* Resources */,
			);
			buildRules = (
			);
			dependencies = (
			);
			name = TestDB;
			productName = TestDB;
			productReference = 645DAD151C35275600349052 /* TestDB.app */;
			productType = "com.apple.product-type.application";
		};
/* End PBXNativeTarget section */

/* Begin PBXProject section */
		645DAD0D1C35275600349052 /* Project object */ = {
			isa = PBXProject;
			attributes = {
				LastUpgradeCheck = 0700;
				ORGANIZATIONNAME = "Sandeep Joshi";
				TargetAttributes = {
					645DAD141C35275600349052 = {
						CreatedOnToolsVersion = 7.0;
					};
				};
			};
			buildConfigurationList = 645DAD101C35275600349052 /* Build configuration list for PBXProject "TestDB" */;
			compatibilityVersion = "Xcode 3.2";
			developmentRegion = English;
			hasScannedForEncodings = 0;
			knownRegions = (
				en,
				Base,
			);
			mainGroup = 645DAD0C1C35275600349052;
			productRefGroup = 645DAD161C35275600349052 /* Products */;
			projectDirPath = "";
			projectReferences = (
				{
					ProductGroup = 645DAD361C352A2700349052 /* Products */;
					ProjectRef = 645DAD351C352A2700349052 /* sqlcipher.xcodeproj */;
				},
			);
			projectRoot = "";
			targets = (
				645DAD141C35275600349052 /* TestDB */,
			);
		};
/* End PBXProject section */

/* Begin PBXReferenceProxy section */
		645DAD3B1C352A2700349052 /* libsqlcipher.a */ = {
			isa = PBXReferenceProxy;
			fileType = archive.ar;
			path = libsqlcipher.a;
			remoteRef = 645DAD3A1C352A2700349052 /* PBXContainerItemProxy */;
			sourceTree = BUILT_PRODUCTS_DIR;
		};
/* End PBXReferenceProxy section */

/* Begin PBXResourcesBuildPhase section */
		645DAD131C35275600349052 /* Resources */ = {
			isa = PBXResourcesBuildPhase;
			buildActionMask = 2147483647;
			files = (
				645DAD221C35275600349052 /* Assets.xcassets in Resources */,
				645DAD251C35275600349052 /* MainMenu.xib in Resources */,
			);
			runOnlyForDeploymentPostprocessing = 0;
		};
/* End PBXResourcesBuildPhase section */

/* Begin PBXSourcesBuildPhase section */
		645DAD111C35275600349052 /* Sources */ = {
			isa = PBXSourcesBuildPhase;
			buildActionMask = 2147483647;
			files = (
				645DAD201C35275600349052 /* TestDB.xcdatamodeld in Sources */,
				645DAD1D1C35275600349052 /* main.m in Sources */,
				645DAD411C352A7900349052 /* EncryptedStore.m in Sources */,
				645DAD341C3528A300349052 /* Vehicles.m in Sources */,
				645DAD2E1C35288500349052 /* Person.m in Sources */,
				645DAD311C35289500349052 /* Addresses.m in Sources */,
				645DAD1A1C35275600349052 /* AppDelegate.m in Sources */,
			);
			runOnlyForDeploymentPostprocessing = 0;
		};
/* End PBXSourcesBuildPhase section */

/* Begin PBXVariantGroup section */
		645DAD231C35275600349052 /* MainMenu.xib */ = {
			isa = PBXVariantGroup;
			children = (
				645DAD241C35275600349052 /* Base */,
			);
			name = MainMenu.xib;
			sourceTree = "<group>";
		};
/* End PBXVariantGroup section */

/* Begin XCBuildConfiguration section */
		645DAD271C35275600349052 /* Debug */ = {
			isa = XCBuildConfiguration;
			buildSettings = {
				ALWAYS_SEARCH_USER_PATHS = NO;
				CLANG_CXX_LANGUAGE_STANDARD = "gnu++0x";
				CLANG_CXX_LIBRARY = "libc++";
				CLANG_ENABLE_MODULES = YES;
				CLANG_ENABLE_OBJC_ARC = YES;
				CLANG_WARN_BOOL_CONVERSION = YES;
				CLANG_WARN_CONSTANT_CONVERSION = YES;
				CLANG_WARN_DIRECT_OBJC_ISA_USAGE = YES_ERROR;
				CLANG_WARN_EMPTY_BODY = YES;
				CLANG_WARN_ENUM_CONVERSION = YES;
				CLANG_WARN_INT_CONVERSION = YES;
				CLANG_WARN_OBJC_ROOT_CLASS = YES_ERROR;
				CLANG_WARN_UNREACHABLE_CODE = YES;
				CLANG_WARN__DUPLICATE_METHOD_MATCH = YES;
				CODE_SIGN_IDENTITY = "-";
				COPY_PHASE_STRIP = NO;
				DEBUG_INFORMATION_FORMAT = dwarf;
				ENABLE_STRICT_OBJC_MSGSEND = YES;
				ENABLE_TESTABILITY = YES;
				GCC_C_LANGUAGE_STANDARD = gnu99;
				GCC_DYNAMIC_NO_PIC = NO;
				GCC_NO_COMMON_BLOCKS = YES;
				GCC_OPTIMIZATION_LEVEL = 0;
				GCC_PREPROCESSOR_DEFINITIONS = (
					"DEBUG=1",
					"$(inherited)",
				);
				GCC_WARN_64_TO_32_BIT_CONVERSION = YES;
				GCC_WARN_ABOUT_RETURN_TYPE = YES_ERROR;
				GCC_WARN_UNDECLARED_SELECTOR = YES;
				GCC_WARN_UNINITIALIZED_AUTOS = YES_AGGRESSIVE;
				GCC_WARN_UNUSED_FUNCTION = YES;
				GCC_WARN_UNUSED_VARIABLE = YES;
				MACOSX_DEPLOYMENT_TARGET = 10.11;
				MTL_ENABLE_DEBUG_INFO = YES;
				ONLY_ACTIVE_ARCH = YES;
				SDKROOT = macosx;
			};
			name = Debug;
		};
		645DAD281C35275600349052 /* Release */ = {
			isa = XCBuildConfiguration;
			buildSettings = {
				ALWAYS_SEARCH_USER_PATHS = NO;
				CLANG_CXX_LANGUAGE_STANDARD = "gnu++0x";
				CLANG_CXX_LIBRARY = "libc++";
				CLANG_ENABLE_MODULES = YES;
				CLANG_ENABLE_OBJC_ARC = YES;
				CLANG_WARN_BOOL_CONVERSION = YES;
				CLANG_WARN_CONSTANT_CONVERSION = YES;
				CLANG_WARN_DIRECT_OBJC_ISA_USAGE = YES_ERROR;
				CLANG_WARN_EMPTY_BODY = YES;
				CLANG_WARN_ENUM_CONVERSION = YES;
				CLANG_WARN_INT_CONVERSION = YES;
				CLANG_WARN_OBJC_ROOT_CLASS = YES_ERROR;
				CLANG_WARN_UNREACHABLE_CODE = YES;
				CLANG_WARN__DUPLICATE_METHOD_MATCH = YES;
				CODE_SIGN_IDENTITY = "-";
				COPY_PHASE_STRIP = NO;
				DEBUG_INFORMATION_FORMAT = "dwarf-with-dsym";
				ENABLE_NS_ASSERTIONS = NO;
				ENABLE_STRICT_OBJC_MSGSEND = YES;
				GCC_C_LANGUAGE_STANDARD = gnu99;
				GCC_NO_COMMON_BLOCKS = YES;
				GCC_WARN_64_TO_32_BIT_CONVERSION = YES;
				GCC_WARN_ABOUT_RETURN_TYPE = YES_ERROR;
				GCC_WARN_UNDECLARED_SELECTOR = YES;
				GCC_WARN_UNINITIALIZED_AUTOS = YES_AGGRESSIVE;
				GCC_WARN_UNUSED_FUNCTION = YES;
				GCC_WARN_UNUSED_VARIABLE = YES;
				MACOSX_DEPLOYMENT_TARGET = 10.11;
				MTL_ENABLE_DEBUG_INFO = NO;
				SDKROOT = macosx;
			};
			name = Release;
		};
		645DAD2A1C35275600349052 /* Debug */ = {
			isa = XCBuildConfiguration;
			buildSettings = {
				ASSETCATALOG_COMPILER_APPICON_NAME = AppIcon;
				COMBINE_HIDPI_IMAGES = YES;
				INFOPLIST_FILE = TestDB/Info.plist;
				LD_RUNPATH_SEARCH_PATHS = "$(inherited) @executable_path/../Frameworks";
				OTHER_CFLAGS = (
					"-DSQLCIPHER_CRYPTO_CC",
					"-DSQLITE_HAS_CODEC",
				);
				PRODUCT_BUNDLE_IDENTIFIER = com.sandeep.TestDB;
				PRODUCT_NAME = "$(TARGET_NAME)";
			};
			name = Debug;
		};
		645DAD2B1C35275600349052 /* Release */ = {
			isa = XCBuildConfiguration;
			buildSettings = {
				ASSETCATALOG_COMPILER_APPICON_NAME = AppIcon;
				COMBINE_HIDPI_IMAGES = YES;
				INFOPLIST_FILE = TestDB/Info.plist;
				LD_RUNPATH_SEARCH_PATHS = "$(inherited) @executable_path/../Frameworks";
				OTHER_CFLAGS = (
					"-DSQLCIPHER_CRYPTO_CC",
					"-DSQLITE_HAS_CODEC",
				);
				PRODUCT_BUNDLE_IDENTIFIER = com.sandeep.TestDB;
				PRODUCT_NAME = "$(TARGET_NAME)";
			};
			name = Release;
		};
/* End XCBuildConfiguration section */

/* Begin XCConfigurationList section */
		645DAD101C35275600349052 /* Build configuration list for PBXProject "TestDB" */ = {
			isa = XCConfigurationList;
			buildConfigurations = (
				645DAD271C35275600349052 /* Debug */,
				645DAD281C35275600349052 /* Release */,
			);
			defaultConfigurationIsVisible = 0;
			defaultConfigurationName = Release;
		};
		645DAD291C35275600349052 /* Build configuration list for PBXNativeTarget "TestDB" */ = {
			isa = XCConfigurationList;
			buildConfigurations = (
				645DAD2A1C35275600349052 /* Debug */,
				645DAD2B1C35275600349052 /* Release */,
			);
			defaultConfigurationIsVisible = 0;
		};
/* End XCConfigurationList section */

/* Begin XCVersionGroup section */
		645DAD1E1C35275600349052 /* TestDB.xcdatamodeld */ = {
			isa = XCVersionGroup;
			children = (
				645DAD1F1C35275600349052 /* TestDB.xcdatamodel */,
			);
			currentVersion = 645DAD1F1C35275600349052 /* TestDB.xcdatamodel */;
			path = TestDB.xcdatamodeld;
			sourceTree = "<group>";
			versionGroupType = wrapper.xcdatamodel;
		};
/* End XCVersionGroup section */
	};
	rootObject = 645DAD0D1C35275600349052 /* Project object */;
}
